# THIS IS AN AUTOGENERATED FILE. DO NOT EDIT THIS FILE DIRECTLY.
# yarn lockfile v1


"@types/firefox-webext-browser@^111.0.2":
  version "111.0.2"
  resolved "https://registry.yarnpkg.com/@types/firefox-webext-browser/-/firefox-webext-browser-111.0.2.tgz#e042438656ad946f88a446812d3d37dfdc1a9a74"
  integrity sha512-NS7izfYOnQI/Opf3YdZSKkI5Ox89SqEffJHK2zfGY2BYEVuWuM6pSwDRglGl4W0SM84oUQfvLyYH4X6EQZAJ2w==

"@types/web@^0.0.115":
  version "0.0.115"
  resolved "https://registry.yarnpkg.com/@types/web/-/web-0.0.115.tgz#3cb822c1bb74ddf0575fe3fc6ee937c93c4f8e9f"
  integrity sha512-IBtUgtxnITC7WTCg4tv6kCnSP0T+fM+3PzQPIzLzJY1DDlhBFKM/9+uMURw14YweWPDiFNIZ94Gc1bJtwow97g==

fsevents@~2.3.2:
  version "2.3.3"
  resolved "https://registry.yarnpkg.com/fsevents/-/fsevents-2.3.3.tgz#cac6407785d03675a2a5e1a5305c697b347d90d6"
  integrity sha512-5xoDfX+fL7faATnagmWPpbFtwh/R77WmMMqqHGS65C3vvB0YHrgF+B1YmZ3441tMj5n63k0212XNoJwzlhffQw==

rollup@3.29.2:
  version "3.29.2"
  resolved "https://registry.yarnpkg.com/rollup/-/rollup-3.29.2.tgz#cbc76cd5b03b9f9e93be991d23a1dff9c6d5b740"
  integrity sha512-CJouHoZ27v6siztc21eEQGo0kIcE5D1gVPA571ez0mMYb25LGYGKnVNXpEj5MGlepmDWGXNjDB5q7uNiPHC11A==
  optionalDependencies:
    fsevents "~2.3.2"

typescript@5.2.2:
  version "5.2.2"
  resolved "https://registry.yarnpkg.com/typescript/-/typescript-5.2.2.tgz#5ebb5e5a5b75f085f22bc3f8460fba308310fa78"
  integrity sha512-mI4WrpHsbCIcwT9cF4FZvr80QUeKvsUsUvKDoR+X/7XHQH98xYD8YHZg7ANtz2GtZt/CBq2QJ0thkGJMHfqc1w==
